
Microsoft Visual Studio Solution File, Format Version 12.00
# Visual Studio Version 16
VisualStudioVersion = 16.0.30711.63
MinimumVisualStudioVersion = 15.0.26124.0
Project("{2150E333-8FDC-42A3-9474-1A3956D46DE8}") = "Solution Items", "Solution Items", "{3EB9D9B0-F8E4-4FD6-84F8-7AAE48DDCDBC}"
	ProjectSection(SolutionItems) = preProject
		cliSettings.json = cliSettings.json
		README.md = README.md
	EndProjectSection
EndProject
Project("{2150E333-8FDC-42A3-9474-1A3956D46DE8}") = "src", "src", "{C6876FFD-02C6-46DE-B683-601169B10768}"
EndProject
Project("{9A19103F-16F7-4668-BE54-9A1E7A4F7556}") = "MediatRAndRecordTypes.Api", "src\MediatRAndRecordTypes.Api\MediatRAndRecordTypes.Api.csproj", "{6DDDA730-8771-4962-B8BC-69CE6CCDEC75}"
EndProject
Project("{2150E333-8FDC-42A3-9474-1A3956D46DE8}") = "test", "test", "{89E48B87-95DC-4353-A2A4-F5B12C3FF0AC}"
EndProject
Project("{9A19103F-16F7-4668-BE54-9A1E7A4F7556}") = "MediatRAndRecordTypes.IntegrationTests", "test\MediatRAndRecordTypes.IntegrationTests\MediatRAndRecordTypes.IntegrationTests.csproj", "{EFB9B3FC-C217-484C-A3DB-C86FF2B8EB89}"
EndProject
Project("{9A19103F-16F7-4668-BE54-9A1E7A4F7556}") = "MediatRAndRecordTypes.Testing", "test\MediatRAndRecordTypes.Testing\MediatRAndRecordTypes.Testing.csproj", "{EFAD5F37-964D-4E8D-B726-A38F9507C2E0}"
EndProject
Project("{9A19103F-16F7-4668-BE54-9A1E7A4F7556}") = "MediatRAndRecordTypes.UnitTests", "test\MediatRAndRecordTypes.UnitTests\MediatRAndRecordTypes.UnitTests.csproj", "{B86B641F-97B6-4BDB-AC6A-860643A7EC4C}"
EndProject
Global
	GlobalSection(SolutionConfigurationPlatforms) = preSolution
		Debug|Any CPU = Debug|Any CPU
		Debug|x64 = Debug|x64
		Debug|x86 = Debug|x86
		Release|Any CPU = Release|Any CPU
		Release|x64 = Release|x64
		Release|x86 = Release|x86
	EndGlobalSection
	GlobalSection(ProjectConfigurationPlatforms) = postSolution
		{6DDDA730-8771-4962-B8BC-69CE6CCDEC75}.Debug|Any CPU.ActiveCfg = Debug|Any CPU
		{6DDDA730-8771-4962-B8BC-69CE6CCDEC75}.Debug|Any CPU.Build.0 = Debug|Any CPU
		{6DDDA730-8771-4962-B8BC-69CE6CCDEC75}.Debug|x64.ActiveCfg = Debug|Any CPU
		{6DDDA730-8771-4962-B8BC-69CE6CCDEC75}.Debug|x64.Build.0 = Debug|Any CPU
		{6DDDA730-8771-4962-B8BC-69CE6CCDEC75}.Debug|x86.ActiveCfg = Debug|Any CPU
		{6DDDA730-8771-4962-B8BC-69CE6CCDEC75}.Debug|x86.Build.0 = Debug|Any CPU
		{6DDDA730-8771-4962-B8BC-69CE6CCDEC75}.Release|Any CPU.ActiveCfg = Release|Any CPU
		{6DDDA730-8771-4962-B8BC-69CE6CCDEC75}.Release|Any CPU.Build.0 = Release|Any CPU
		{6DDDA730-8771-4962-B8BC-69CE6CCDEC75}.Release|x64.ActiveCfg = Release|Any CPU
		{6DDDA730-8771-4962-B8BC-69CE6CCDEC75}.Release|x64.Build.0 = Release|Any CPU
		{6DDDA730-8771-4962-B8BC-69CE6CCDEC75}.Release|x86.ActiveCfg = Release|Any CPU
		{6DDDA730-8771-4962-B8BC-69CE6CCDEC75}.Release|x86.Build.0 = Release|Any CPU
		{EFB9B3FC-C217-484C-A3DB-C86FF2B8EB89}.Debug|Any CPU.ActiveCfg = Debug|Any CPU
		{EFB9B3FC-C217-484C-A3DB-C86FF2B8EB89}.Debug|Any CPU.Build.0 = Debug|Any CPU
		{EFB9B3FC-C217-484C-A3DB-C86FF2B8EB89}.Debug|x64.ActiveCfg = Debug|Any CPU
		{EFB9B3FC-C217-484C-A3DB-C86FF2B8EB89}.Debug|x64.Build.0 = Debug|Any CPU
		{EFB9B3FC-C217-484C-A3DB-C86FF2B8EB89}.Debug|x86.ActiveCfg = Debug|Any CPU
		{EFB9B3FC-C217-484C-A3DB-C86FF2B8EB89}.Debug|x86.Build.0 = Debug|Any CPU
		{EFB9B3FC-C217-484C-A3DB-C86FF2B8EB89}.Release|Any CPU.ActiveCfg = Release|Any CPU
		{EFB9B3FC-C217-484C-A3DB-C86FF2B8EB89}.Release|Any CPU.Build.0 = Release|Any CPU
		{EFB9B3FC-C217-484C-A3DB-C86FF2B8EB89}.Release|x64.ActiveCfg = Release|Any CPU
		{EFB9B3FC-C217-484C-A3DB-C86FF2B8EB89}.Release|x64.Build.0 = Release|Any CPU
		{EFB9B3FC-C217-484C-A3DB-C86FF2B8EB89}.Release|x86.ActiveCfg = Release|Any CPU
		{EFB9B3FC-C217-484C-A3DB-C86FF2B8EB89}.Release|x86.Build.0 = Release|Any CPU
		{EFAD5F37-964D-4E8D-B726-A38F9507C2E0}.Debug|Any CPU.ActiveCfg = Debug|Any CPU
		{EFAD5F37-964D-4E8D-B726-A38F9507C2E0}.Debug|Any CPU.Build.0 = Debug|Any CPU
		{EFAD5F37-964D-4E8D-B726-A38F9507C2E0}.Debug|x64.ActiveCfg = Debug|Any CPU
		{EFAD5F37-964D-4E8D-B726-A38F9507C2E0}.Debug|x64.Build.0 = Debug|Any CPU
		{EFAD5F37-964D-4E8D-B726-A38F9507C2E0}.Debug|x86.ActiveCfg = Debug|Any CPU
		{EFAD5F37-964D-4E8D-B726-A38F9507C2E0}.Debug|x86.Build.0 = Debug|Any CPU
		{EFAD5F37-964D-4E8D-B726-A38F9507C2E0}.Release|Any CPU.ActiveCfg = Release|Any CPU
		{EFAD5F37-964D-4E8D-B726-A38F9507C2E0}.Release|Any CPU.Build.0 = Release|Any CPU
		{EFAD5F37-964D-4E8D-B726-A38F9507C2E0}.Release|x64.ActiveCfg = Release|Any CPU
		{EFAD5F37-964D-4E8D-B726-A38F9507C2E0}.Release|x64.Build.0 = Release|Any CPU
		{EFAD5F37-964D-4E8D-B726-A38F9507C2E0}.Release|x86.ActiveCfg = Release|Any CPU
		{EFAD5F37-964D-4E8D-B726-A38F9507C2E0}.Release|x86.Build.0 = Release|Any CPU
		{B86B641F-97B6-4BDB-AC6A-860643A7EC4C}.Debug|Any CPU.ActiveCfg = Debug|Any CPU
		{B86B641F-97B6-4BDB-AC6A-860643A7EC4C}.Debug|Any CPU.Build.0 = Debug|Any CPU
		{B86B641F-97B6-4BDB-AC6A-860643A7EC4C}.Debug|x64.ActiveCfg = Debug|Any CPU
		{B86B641F-97B6-4BDB-AC6A-860643A7EC4C}.Debug|x64.Build.0 = Debug|Any CPU
		{B86B641F-97B6-4BDB-AC6A-860643A7EC4C}.Debug|x86.ActiveCfg = Debug|Any CPU
		{B86B641F-97B6-4BDB-AC6A-860643A7EC4C}.Debug|x86.Build.0 = Debug|Any CPU
		{B86B641F-97B6-4BDB-AC6A-860643A7EC4C}.Release|Any CPU.ActiveCfg = Release|Any CPU
		{B86B641F-97B6-4BDB-AC6A-860643A7EC4C}.Release|Any CPU.Build.0 = Release|Any CPU
		{B86B641F-97B6-4BDB-AC6A-860643A7EC4C}.Release|x64.ActiveCfg = Release|Any CPU
		{B86B641F-97B6-4BDB-AC6A-860643A7EC4C}.Release|x64.Build.0 = Release|Any CPU
		{B86B641F-97B6-4BDB-AC6A-860643A7EC4C}.Release|x86.ActiveCfg = Release|Any CPU
		{B86B641F-97B6-4BDB-AC6A-860643A7EC4C}.Release|x86.Build.0 = Release|Any CPU
	EndGlobalSection
	GlobalSection(SolutionProperties) = preSolution
		HideSolutionNode = FALSE
	EndGlobalSection
	GlobalSection(NestedProjects) = preSolution
		{6DDDA730-8771-4962-B8BC-69CE6CCDEC75} = {C6876FFD-02C6-46DE-B683-601169B10768}
		{EFB9B3FC-C217-484C-A3DB-C86FF2B8EB89} = {89E48B87-95DC-4353-A2A4-F5B12C3FF0AC}
		{EFAD5F37-964D-4E8D-B726-A38F9507C2E0} = {89E48B87-95DC-4353-A2A4-F5B12C3FF0AC}
		{B86B641F-97B6-4BDB-AC6A-860643A7EC4C} = {89E48B87-95DC-4353-A2A4-F5B12C3FF0AC}
	EndGlobalSection
	GlobalSection(ExtensibilityGlobals) = postSolution
		SolutionGuid = {E075AA67-692E-48EE-8EE5-2F56E0D471FA}
	EndGlobalSection
EndGlobal
